// !$*UTF8*$!
{
	archiveVersion = 1;
	classes = {
	};
	objectVersion = 46;
	objects = {

/* Begin PBXBuildFile section */
		3B14492B1CEA5854008CF8ED /* AppDelegate.swift in Sources */ = {isa = PBXBuildFile; fileRef = 3B14492A1CEA5854008CF8ED /* AppDelegate.swift */; };
		3B14492D1CEA5854008CF8ED /* ViewController.swift in Sources */ = {isa = PBXBuildFile; fileRef = 3B14492C1CEA5854008CF8ED /* ViewController.swift */; };
		3B1449301CEA5854008CF8ED /* Main.storyboard in Resources */ = {isa = PBXBuildFile; fileRef = 3B14492E1CEA5854008CF8ED /* Main.storyboard */; };
		3B1449321CEA5854008CF8ED /* Assets.xcassets in Resources */ = {isa = PBXBuildFile; fileRef = 3B1449311CEA5854008CF8ED /* Assets.xcassets */; };
		3B1449351CEA5854008CF8ED /* LaunchScreen.storyboard in Resources */ = {isa = PBXBuildFile; fileRef = 3B1449331CEA5854008CF8ED /* LaunchScreen.storyboard */; };
		3B14493D1CEA6A5A008CF8ED /* MovieTableViewCell.swift in Sources */ = {isa = PBXBuildFile; fileRef = 3B14493C1CEA6A5A008CF8ED /* MovieTableViewCell.swift */; };
		3BF0F7A51CEBA0CE0028826E /* MoveDetailsViewController.swift in Sources */ = {isa = PBXBuildFile; fileRef = 3BF0F7A41CEBA0CE0028826E /* MoveDetailsViewController.swift */; };
		3BF0F7A71CEBA8680028826E /* MovieModel.swift in Sources */ = {isa = PBXBuildFile; fileRef = 3BF0F7A61CEBA8680028826E /* MovieModel.swift */; };
		7F726FD3374A4C85A2A2D8FF /* Pods_Flicks.framework in Frameworks */ = {isa = PBXBuildFile; fileRef = 5C5EA12F61A6013703611D6F /* Pods_Flicks.framework */; };
/* End PBXBuildFile section */

/* Begin PBXFileReference section */
		3B1449271CEA5854008CF8ED /* Flicks.app */ = {isa = PBXFileReference; explicitFileType = wrapper.application; includeInIndex = 0; path = Flicks.app; sourceTree = BUILT_PRODUCTS_DIR; };
		3B14492A1CEA5854008CF8ED /* AppDelegate.swift */ = {isa = PBXFileReference; lastKnownFileType = sourcecode.swift; path = AppDelegate.swift; sourceTree = "<group>"; };
		3B14492C1CEA5854008CF8ED /* ViewController.swift */ = {isa = PBXFileReference; lastKnownFileType = sourcecode.swift; path = ViewController.swift; sourceTree = "<group>"; };
		3B14492F1CEA5854008CF8ED /* Base */ = {isa = PBXFileReference; lastKnownFileType = file.storyboard; name = Base; path = Base.lproj/Main.storyboard; sourceTree = "<group>"; };
		3B1449311CEA5854008CF8ED /* Assets.xcassets */ = {isa = PBXFileReference; lastKnownFileType = folder.assetcatalog; path = Assets.xcassets; sourceTree = "<group>"; };
		3B1449341CEA5854008CF8ED /* Base */ = {isa = PBXFileReference; lastKnownFileType = file.storyboard; name = Base; path = Base.lproj/LaunchScreen.storyboard; sourceTree = "<group>"; };
		3B1449361CEA5854008CF8ED /* Info.plist */ = {isa = PBXFileReference; lastKnownFileType = text.plist.xml; path = Info.plist; sourceTree = "<group>"; };
		3B14493C1CEA6A5A008CF8ED /* MovieTableViewCell.swift */ = {isa = PBXFileReference; fileEncoding = 4; lastKnownFileType = sourcecode.swift; path = MovieTableViewCell.swift; sourceTree = "<group>"; };
		3BF0F7A41CEBA0CE0028826E /* MoveDetailsViewController.swift */ = {isa = PBXFileReference; fileEncoding = 4; lastKnownFileType = sourcecode.swift; path = MoveDetailsViewController.swift; sourceTree = "<group>"; };
		3BF0F7A61CEBA8680028826E /* MovieModel.swift */ = {isa = PBXFileReference; fileEncoding = 4; lastKnownFileType = sourcecode.swift; path = MovieModel.swift; sourceTree = "<group>"; };
		5434E0B839F4638A1F7FBD8B /* Pods-Flicks.release.xcconfig */ = {isa = PBXFileReference; includeInIndex = 1; lastKnownFileType = text.xcconfig; name = "Pods-Flicks.release.xcconfig"; path = "Pods/Target Support Files/Pods-Flicks/Pods-Flicks.release.xcconfig"; sourceTree = "<group>"; };
		5C5EA12F61A6013703611D6F /* Pods_Flicks.framework */ = {isa = PBXFileReference; explicitFileType = wrapper.framework; includeInIndex = 0; path = Pods_Flicks.framework; sourceTree = BUILT_PRODUCTS_DIR; };
		AEDA26CD6E592C5F0D13F33E /* Pods-Flicks.debug.xcconfig */ = {isa = PBXFileReference; includeInIndex = 1; lastKnownFileType = text.xcconfig; name = "Pods-Flicks.debug.xcconfig"; path = "Pods/Target Support Files/Pods-Flicks/Pods-Flicks.debug.xcconfig"; sourceTree = "<group>"; };
/* End PBXFileReference section */

/* Begin PBXFrameworksBuildPhase section */
		3B1449241CEA5853008CF8ED /* Frameworks */ = {
			isa = PBXFrameworksBuildPhase;
			buildActionMask = 2147483647;
			files = (
				7F726FD3374A4C85A2A2D8FF /* Pods_Flicks.framework in Frameworks */,
			);
			runOnlyForDeploymentPostprocessing = 0;
		};
/* End PBXFrameworksBuildPhase section */

/* Begin PBXGroup section */
		138A46B79C0A1DCF595D61F2 /* Pods */ = {
			isa = PBXGroup;
			children = (
				AEDA26CD6E592C5F0D13F33E /* Pods-Flicks.debug.xcconfig */,
				5434E0B839F4638A1F7FBD8B /* Pods-Flicks.release.xcconfig */,
			);
			name = Pods;
			sourceTree = "<group>";
		};
		3B14491E1CEA5853008CF8ED = {
			isa = PBXGroup;
			children = (
				3B1449291CEA5854008CF8ED /* Flicks */,
				3B1449281CEA5854008CF8ED /* Products */,
				138A46B79C0A1DCF595D61F2 /* Pods */,
				544DA4AA820A5416E559C8D3 /* Frameworks */,
			);
			sourceTree = "<group>";
		};
		3B1449281CEA5854008CF8ED /* Products */ = {
			isa = PBXGroup;
			children = (
				3B1449271CEA5854008CF8ED /* Flicks.app */,
			);
			name = Products;
			sourceTree = "<group>";
		};
		3B1449291CEA5854008CF8ED /* Flicks */ = {
			isa = PBXGroup;
			children = (
				3B14492A1CEA5854008CF8ED /* AppDelegate.swift */,
				3B14492C1CEA5854008CF8ED /* ViewController.swift */,
				3B14492E1CEA5854008CF8ED /* Main.storyboard */,
				3B1449311CEA5854008CF8ED /* Assets.xcassets */,
				3B1449331CEA5854008CF8ED /* LaunchScreen.storyboard */,
				3B1449361CEA5854008CF8ED /* Info.plist */,
				3B14493C1CEA6A5A008CF8ED /* MovieTableViewCell.swift */,
				3BF0F7A41CEBA0CE0028826E /* MoveDetailsViewController.swift */,
				3BF0F7A61CEBA8680028826E /* MovieModel.swift */,
			);
			path = Flicks;
			sourceTree = "<group>";
		};
		544DA4AA820A5416E559C8D3 /* Frameworks */ = {
			isa = PBXGroup;
			children = (
				5C5EA12F61A6013703611D6F /* Pods_Flicks.framework */,
			);
			name = Frameworks;
			sourceTree = "<group>";
		};
/* End PBXGroup section */

/* Begin PBXNativeTarget section */
		3B1449261CEA5853008CF8ED /* Flicks */ = {
			isa = PBXNativeTarget;
			buildConfigurationList = 3B1449391CEA5854008CF8ED /* Build configuration list for PBXNativeTarget "Flicks" */;
			buildPhases = (
				0B0555287E69A9B710A9EEF2 /* 📦 Check Pods Manifest.lock */,
				3B1449231CEA5853008CF8ED /* Sources */,
				3B1449241CEA5853008CF8ED /* Frameworks */,
				3B1449251CEA5853008CF8ED /* Resources */,
				9D41D5AFA2CE20A8BAB1192B /* 📦 Embed Pods Frameworks */,
				AB8C5AE93A643F0A541C46B8 /* 📦 Copy Pods Resources */,
			);
			buildRules = (
			);
			dependencies = (
			);
			name = Flicks;
			productName = Flicks;
			productReference = 3B1449271CEA5854008CF8ED /* Flicks.app */;
			productType = "com.apple.product-type.application";
		};
/* End PBXNativeTarget section */

/* Begin PBXProject section */
		3B14491F1CEA5853008CF8ED /* Project object */ = {
			isa = PBXProject;
			attributes = {
				LastSwiftUpdateCheck = 0730;
				LastUpgradeCheck = 0730;
				ORGANIZATIONNAME = yatchoi;
				TargetAttributes = {
					3B1449261CEA5853008CF8ED = {
						CreatedOnToolsVersion = 7.3;
						DevelopmentTeam = V32NK87223;
					};
				};
			};
			buildConfigurationList = 3B1449221CEA5853008CF8ED /* Build configuration list for PBXProject "Flicks" */;
			compatibilityVersion = "Xcode 3.2";
			developmentRegion = English;
			hasScannedForEncodings = 0;
			knownRegions = (
				en,
				Base,
			);
			mainGroup = 3B14491E1CEA5853008CF8ED;
			productRefGroup = 3B1449281CEA5854008CF8ED /* Products */;
			projectDirPath = "";
			projectRoot = "";
			targets = (
				3B1449261CEA5853008CF8ED /* Flicks */,
			);
		};
/* End PBXProject section */

/* Begin PBXResourcesBuildPhase section */
		3B1449251CEA5853008CF8ED /* Resources */ = {
			isa = PBXResourcesBuildPhase;
			buildActionMask = 2147483647;
			files = (
				3B1449351CEA5854008CF8ED /* LaunchScreen.storyboard in Resources */,
				3B1449321CEA5854008CF8ED /* Assets.xcassets in Resources */,
				3B1449301CEA5854008CF8ED /* Main.storyboard in Resources */,
			);
			runOnlyForDeploymentPostprocessing = 0;
		};
/* End PBXResourcesBuildPhase section */

/* Begin PBXShellScriptBuildPhase section */
		0B0555287E69A9B710A9EEF2 /* 📦 Check Pods Manifest.lock */ = {
			isa = PBXShellScriptBuildPhase;
			buildActionMask = 2147483647;
			files = (
			);
			inputPaths = (
			);
			name = "📦 Check Pods Manifest.lock";
			outputPaths = (
			);
			runOnlyForDeploymentPostprocessing = 0;
			shellPath = /bin/sh;
			shellScript = "diff \"${PODS_ROOT}/../Podfile.lock\" \"${PODS_ROOT}/Manifest.lock\" > /dev/null\nif [[ $? != 0 ]] ; then\n    cat << EOM\nerror: The sandbox is not in sync with the Podfile.lock. Run 'pod install' or update your CocoaPods installation.\nEOM\n    exit 1\nfi\n";
			showEnvVarsInLog = 0;
		};
		9D41D5AFA2CE20A8BAB1192B /* 📦 Embed Pods Frameworks */ = {
			isa = PBXShellScriptBuildPhase;
			buildActionMask = 2147483647;
			files = (
			);
			inputPaths = (
			);
			name = "📦 Embed Pods Frameworks";
			outputPaths = (
			);
			runOnlyForDeploymentPostprocessing = 0;
			shellPath = /bin/sh;
			shellScript = "\"${SRCROOT}/Pods/Target Support Files/Pods-Flicks/Pods-Flicks-frameworks.sh\"\n";
			showEnvVarsInLog = 0;
		};
		AB8C5AE93A643F0A541C46B8 /* 📦 Copy Pods Resources */ = {
			isa = PBXShellScriptBuildPhase;
			buildActionMask = 2147483647;
			files = (
			);
			inputPaths = (
			);
			name = "📦 Copy Pods Resources";
			outputPaths = (
			);
			runOnlyForDeploymentPostprocessing = 0;
			shellPath = /bin/sh;
			shellScript = "\"${SRCROOT}/Pods/Target Support Files/Pods-Flicks/Pods-Flicks-resources.sh\"\n";
			showEnvVarsInLog = 0;
		};
/* End PBXShellScriptBuildPhase section */

/* Begin PBXSourcesBuildPhase section */
		3B1449231CEA5853008CF8ED /* Sources */ = {
			isa = PBXSourcesBuildPhase;
			buildActionMask = 2147483647;
			files = (
				3B14492D1CEA5854008CF8ED /* ViewController.swift in Sources */,
				3B14492B1CEA5854008CF8ED /* AppDelegate.swift in Sources */,
				3BF0F7A71CEBA8680028826E /* MovieModel.swift in Sources */,
				3BF0F7A51CEBA0CE0028826E /* MoveDetailsViewController.swift in Sources */,
				3B14493D1CEA6A5A008CF8ED /* MovieTableViewCell.swift in Sources */,
			);
			runOnlyForDeploymentPostprocessing = 0;
		};
/* End PBXSourcesBuildPhase section */

/* Begin PBXVariantGroup section */
		3B14492E1CEA5854008CF8ED /* Main.storyboard */ = {
			isa = PBXVariantGroup;
			children = (
				3B14492F1CEA5854008CF8ED /* Base */,
			);
			name = Main.storyboard;
			sourceTree = "<group>";
		};
		3B1449331CEA5854008CF8ED /* LaunchScreen.storyboard */ = {
			isa = PBXVariantGroup;
			children = (
				3B1449341CEA5854008CF8ED /* Base */,
			);
			name = LaunchScreen.storyboard;
			sourceTree = "<group>";
		};
/* End PBXVariantGroup section */

/* Begin XCBuildConfiguration section */
		3B1449371CEA5854008CF8ED /* Debug */ = {
			isa = XCBuildConfiguration;
			buildSettings = {
				ALWAYS_SEARCH_USER_PATHS = NO;
				CLANG_ANALYZER_NONNULL = YES;
				CLANG_CXX_LANGUAGE_STANDARD = "gnu++0x";
				CLANG_CXX_LIBRARY = "libc++";
				CLANG_ENABLE_MODULES = YES;
				CLANG_ENABLE_OBJC_ARC = YES;
				CLANG_WARN_BOOL_CONVERSION = YES;
				CLANG_WARN_CONSTANT_CONVERSION = YES;
				CLANG_WARN_DIRECT_OBJC_ISA_USAGE = YES_ERROR;
				CLANG_WARN_EMPTY_BODY = YES;
				CLANG_WARN_ENUM_CONVERSION = YES;
				CLANG_WARN_INT_CONVERSION = YES;
				CLANG_WARN_OBJC_ROOT_CLASS = YES_ERROR;
				CLANG_WARN_UNREACHABLE_CODE = YES;
				CLANG_WARN__DUPLICATE_METHOD_MATCH = YES;
				"CODE_SIGN_IDENTITY[sdk=iphoneos*]" = "iPhone Developer";
				COPY_PHASE_STRIP = NO;
				DEBUG_INFORMATION_FORMAT = dwarf;
				ENABLE_STRICT_OBJC_MSGSEND = YES;
				ENABLE_TESTABILITY = YES;
				GCC_C_LANGUAGE_STANDARD = gnu99;
				GCC_DYNAMIC_NO_PIC = NO;
				GCC_NO_COMMON_BLOCKS = YES;
				GCC_OPTIMIZATION_LEVEL = 0;
				GCC_PREPROCESSOR_DEFINITIONS = (
					"DEBUG=1",
					"$(inherited)",
				);
				GCC_WARN_64_TO_32_BIT_CONVERSION = YES;
				GCC_WARN_ABOUT_RETURN_TYPE = YES_ERROR;
				GCC_WARN_UNDECLARED_SELECTOR = YES;
				GCC_WARN_UNINITIALIZED_AUTOS = YES_AGGRESSIVE;
				GCC_WARN_UNUSED_FUNCTION = YES;
				GCC_WARN_UNUSED_VARIABLE = YES;
				IPHONEOS_DEPLOYMENT_TARGET = 9.3;
				MTL_ENABLE_DEBUG_INFO = YES;
				ONLY_ACTIVE_ARCH = YES;
				SDKROOT = iphoneos;
				SWIFT_OPTIMIZATION_LEVEL = "-Onone";
			};
			name = Debug;
		};
		3B1449381CEA5854008CF8ED /* Release */ = {
			isa = XCBuildConfiguration;
			buildSettings = {
				ALWAYS_SEARCH_USER_PATHS = NO;
				CLANG_ANALYZER_NONNULL = YES;
				CLANG_CXX_LANGUAGE_STANDARD = "gnu++0x";
				CLANG_CXX_LIBRARY = "libc++";
				CLANG_ENABLE_MODULES = YES;
				CLANG_ENABLE_OBJC_ARC = YES;
				CLANG_WARN_BOOL_CONVERSION = YES;
				CLANG_WARN_CONSTANT_CONVERSION = YES;
				CLANG_WARN_DIRECT_OBJC_ISA_USAGE = YES_ERROR;
				CLANG_WARN_EMPTY_BODY = YES;
				CLANG_WARN_ENUM_CONVERSION = YES;
				CLANG_WARN_INT_CONVERSION = YES;
				CLANG_WARN_OBJC_ROOT_CLASS = YES_ERROR;
				CLANG_WARN_UNREACHABLE_CODE = YES;
				CLANG_WARN__DUPLICATE_METHOD_MATCH = YES;
				"CODE_SIGN_IDENTITY[sdk=iphoneos*]" = "iPhone Developer";
				COPY_PHASE_STRIP = NO;
				DEBUG_INFORMATION_FORMAT = "dwarf-with-dsym";
				ENABLE_NS_ASSERTIONS = NO;
				ENABLE_STRICT_OBJC_MSGSEND = YES;
				GCC_C_LANGUAGE_STANDARD = gnu99;
				GCC_NO_COMMON_BLOCKS = YES;
				GCC_WARN_64_TO_32_BIT_CONVERSION = YES;
				GCC_WARN_ABOUT_RETURN_TYPE = YES_ERROR;
				GCC_WARN_UNDECLARED_SELECTOR = YES;
				GCC_WARN_UNINITIALIZED_AUTOS = YES_AGGRESSIVE;
				GCC_WARN_UNUSED_FUNCTION = YES;
				GCC_WARN_UNUSED_VARIABLE = YES;
				IPHONEOS_DEPLOYMENT_TARGET = 9.3;
				MTL_ENABLE_DEBUG_INFO = NO;
				SDKROOT = iphoneos;
				VALIDATE_PRODUCT = YES;
			};
			name = Release;
		};
		3B14493A1CEA5854008CF8ED /* Debug */ = {
			isa = XCBuildConfiguration;
			baseConfigurationReference = AEDA26CD6E592C5F0D13F33E /* Pods-Flicks.debug.xcconfig */;
			buildSettings = {
				ASSETCATALOG_COMPILER_APPICON_NAME = AppIcon;
				CODE_SIGN_IDENTITY = "iPhone Developer";
				"CODE_SIGN_IDENTITY[sdk=iphoneos*]" = "iPhone Developer";
				INFOPLIST_FILE = Flicks/Info.plist;
				IPHONEOS_DEPLOYMENT_TARGET = 9.2;
				LD_RUNPATH_SEARCH_PATHS = "$(inherited) @executable_path/Frameworks";
				PRODUCT_BUNDLE_IDENTIFIER = yatchoi.Flicks;
				PRODUCT_NAME = "$(TARGET_NAME)";
				PROVISIONING_PROFILE = "";
			};
			name = Debug;
		};
		3B14493B1CEA5854008CF8ED /* Release */ = {
			isa = XCBuildConfiguration;
			baseConfigurationReference = 5434E0B839F4638A1F7FBD8B /* Pods-Flicks.release.xcconfig */;
			buildSettings = {
				ASSETCATALOG_COMPILER_APPICON_NAME = AppIcon;
				CODE_SIGN_IDENTITY = "iPhone Developer";
				"CODE_SIGN_IDENTITY[sdk=iphoneos*]" = "iPhone Developer";
				INFOPLIST_FILE = Flicks/Info.plist;
				IPHONEOS_DEPLOYMENT_TARGET = 9.2;
				LD_RUNPATH_SEARCH_PATHS = "$(inherited) @executable_path/Frameworks";
				PRODUCT_BUNDLE_IDENTIFIER = yatchoi.Flicks;
				PRODUCT_NAME = "$(TARGET_NAME)";
				PROVISIONING_PROFILE = "";
			};
			name = Release;
		};
/* End XCBuildConfiguration section */

/* Begin XCConfigurationList section */
		3B1449221CEA5853008CF8ED /* Build configuration list for PBXProject "Flicks" */ = {
			isa = XCConfigurationList;
			buildConfigurations = (
				3B1449371CEA5854008CF8ED /* Debug */,
				3B1449381CEA5854008CF8ED /* Release */,
			);
			defaultConfigurationIsVisible = 0;
			defaultConfigurationName = Release;
		};
		3B1449391CEA5854008CF8ED /* Build configuration list for PBXNativeTarget "Flicks" */ = {
			isa = XCConfigurationList;
			buildConfigurations = (
				3B14493A1CEA5854008CF8ED /* Debug */,
				3B14493B1CEA5854008CF8ED /* Release */,
			);
			defaultConfigurationIsVisible = 0;
			defaultConfigurationName = Release;
		};
/* End XCConfigurationList section */
	};
	rootObject = 3B14491F1CEA5853008CF8ED /* Project object */;
}
